// !$*UTF8*$!
{
	archiveVersion = 1;
	classes = {
	};
	objectVersion = 56;
	objects = {

/* Begin PBXBuildFile section */
		5E06A82C2B06B4DC0051BB47 /* PlayerView.swift in Sources */ = {isa = PBXBuildFile; fileRef = 5E06A82B2B06B4DC0051BB47 /* PlayerView.swift */; };
		5E06A82E2B06B50D0051BB47 /* DescriptionView.swift in Sources */ = {isa = PBXBuildFile; fileRef = 5E06A82D2B06B50D0051BB47 /* DescriptionView.swift */; };
		5E06A8312B06C2350051BB47 /* CustomToggleStyle.swift in Sources */ = {isa = PBXBuildFile; fileRef = 5E06A8302B06C2350051BB47 /* CustomToggleStyle.swift */; };
		5E7A9B3B2B0944B700F7FE67 /* AudioPlayerClient.swift in Sources */ = {isa = PBXBuildFile; fileRef = 5E7A9B3A2B0944B700F7FE67 /* AudioPlayerClient.swift */; };
		5E7A9B3F2B094C8300F7FE67 /* DateFormatter.swift in Sources */ = {isa = PBXBuildFile; fileRef = 5E7A9B3E2B094C8300F7FE67 /* DateFormatter.swift */; };
		5E89D7B82B0974F600A28A61 /* BookPlayerReducer.swift in Sources */ = {isa = PBXBuildFile; fileRef = 5E89D7B72B0974F600A28A61 /* BookPlayerReducer.swift */; };
		5E89D7BB2B09787F00A28A61 /* Book.swift in Sources */ = {isa = PBXBuildFile; fileRef = 5E89D7BA2B09787F00A28A61 /* Book.swift */; };
		5E984D3F2B04E1A800AB6EDC /* BookShelfApp.swift in Sources */ = {isa = PBXBuildFile; fileRef = 5E984D3E2B04E1A800AB6EDC /* BookShelfApp.swift */; };
		5E984D412B04E1A800AB6EDC /* BookPlayerView.swift in Sources */ = {isa = PBXBuildFile; fileRef = 5E984D402B04E1A800AB6EDC /* BookPlayerView.swift */; };
		5E984D432B04E1AA00AB6EDC /* Assets.xcassets in Resources */ = {isa = PBXBuildFile; fileRef = 5E984D422B04E1AA00AB6EDC /* Assets.xcassets */; };
		5E984D462B04E1AA00AB6EDC /* Preview Assets.xcassets in Resources */ = {isa = PBXBuildFile; fileRef = 5E984D452B04E1AA00AB6EDC /* Preview Assets.xcassets */; };
		5E984D502B04E1AA00AB6EDC /* BookShelfTests.swift in Sources */ = {isa = PBXBuildFile; fileRef = 5E984D4F2B04E1AA00AB6EDC /* BookShelfTests.swift */; };
		5E984D5A2B04E1AA00AB6EDC /* BookShelfUITests.swift in Sources */ = {isa = PBXBuildFile; fileRef = 5E984D592B04E1AA00AB6EDC /* BookShelfUITests.swift */; };
		5E984D5C2B04E1AA00AB6EDC /* BookShelfUITestsLaunchTests.swift in Sources */ = {isa = PBXBuildFile; fileRef = 5E984D5B2B04E1AA00AB6EDC /* BookShelfUITestsLaunchTests.swift */; };
		5EA3A5092B07E03400C0EAE2 /* CustomSegmentedControl.swift in Sources */ = {isa = PBXBuildFile; fileRef = 5EA3A5082B07E03400C0EAE2 /* CustomSegmentedControl.swift */; };
		5EA43A932B07C0A700B3F55A /* SegmentedPickerView.swift in Sources */ = {isa = PBXBuildFile; fileRef = 5EA43A922B07C0A700B3F55A /* SegmentedPickerView.swift */; };
		5EA7BB742B0A20B900F84FFE /* sense_sensibility_01.mp3 in Resources */ = {isa = PBXBuildFile; fileRef = 5EA7BB732B0A20B900F84FFE /* sense_sensibility_01.mp3 */; };
		5EA7BB8D2B0AD2A000F84FFE /* sense_sensibility_04.mp3 in Resources */ = {isa = PBXBuildFile; fileRef = 5EA7BB892B0AD29F00F84FFE /* sense_sensibility_04.mp3 */; };
		5EA7BB8E2B0AD2A000F84FFE /* sense_sensibility_05.mp3 in Resources */ = {isa = PBXBuildFile; fileRef = 5EA7BB8A2B0AD29F00F84FFE /* sense_sensibility_05.mp3 */; };
		5EA7BB8F2B0AD2A000F84FFE /* sense_sensibility_03.mp3 in Resources */ = {isa = PBXBuildFile; fileRef = 5EA7BB8B2B0AD2A000F84FFE /* sense_sensibility_03.mp3 */; };
		5EA7BB902B0AD2A000F84FFE /* sense_sensibility_02.mp3 in Resources */ = {isa = PBXBuildFile; fileRef = 5EA7BB8C2B0AD2A000F84FFE /* sense_sensibility_02.mp3 */; };
		5EC664772B0520F90022FDF1 /* ComposableArchitecture in Frameworks */ = {isa = PBXBuildFile; productRef = 5EC664762B0520F90022FDF1 /* ComposableArchitecture */; };
/* End PBXBuildFile section */

/* Begin PBXContainerItemProxy section */
		5E984D4C2B04E1AA00AB6EDC /* PBXContainerItemProxy */ = {
			isa = PBXContainerItemProxy;
			containerPortal = 5E984D332B04E1A800AB6EDC /* Project object */;
			proxyType = 1;
			remoteGlobalIDString = 5E984D3A2B04E1A800AB6EDC;
			remoteInfo = BookShelf;
		};
		5E984D562B04E1AA00AB6EDC /* PBXContainerItemProxy */ = {
			isa = PBXContainerItemProxy;
			containerPortal = 5E984D332B04E1A800AB6EDC /* Project object */;
			proxyType = 1;
			remoteGlobalIDString = 5E984D3A2B04E1A800AB6EDC;
			remoteInfo = BookShelf;
		};
/* End PBXContainerItemProxy section */

/* Begin PBXFileReference section */
		5E06A82B2B06B4DC0051BB47 /* PlayerView.swift */ = {isa = PBXFileReference; lastKnownFileType = sourcecode.swift; path = PlayerView.swift; sourceTree = "<group>"; };
		5E06A82D2B06B50D0051BB47 /* DescriptionView.swift */ = {isa = PBXFileReference; lastKnownFileType = sourcecode.swift; path = DescriptionView.swift; sourceTree = "<group>"; };
		5E06A8302B06C2350051BB47 /* CustomToggleStyle.swift */ = {isa = PBXFileReference; lastKnownFileType = sourcecode.swift; path = CustomToggleStyle.swift; sourceTree = "<group>"; };
		5E7A9B3A2B0944B700F7FE67 /* AudioPlayerClient.swift */ = {isa = PBXFileReference; lastKnownFileType = sourcecode.swift; path = AudioPlayerClient.swift; sourceTree = "<group>"; };
		5E7A9B3E2B094C8300F7FE67 /* DateFormatter.swift */ = {isa = PBXFileReference; lastKnownFileType = sourcecode.swift; path = DateFormatter.swift; sourceTree = "<group>"; };
		5E89D7B72B0974F600A28A61 /* BookPlayerReducer.swift */ = {isa = PBXFileReference; lastKnownFileType = sourcecode.swift; path = BookPlayerReducer.swift; sourceTree = "<group>"; };
		5E89D7BA2B09787F00A28A61 /* Book.swift */ = {isa = PBXFileReference; lastKnownFileType = sourcecode.swift; path = Book.swift; sourceTree = "<group>"; };
		5E984D3B2B04E1A800AB6EDC /* BookShelf.app */ = {isa = PBXFileReference; explicitFileType = wrapper.application; includeInIndex = 0; path = BookShelf.app; sourceTree = BUILT_PRODUCTS_DIR; };
		5E984D3E2B04E1A800AB6EDC /* BookShelfApp.swift */ = {isa = PBXFileReference; lastKnownFileType = sourcecode.swift; path = BookShelfApp.swift; sourceTree = "<group>"; };
		5E984D402B04E1A800AB6EDC /* BookPlayerView.swift */ = {isa = PBXFileReference; lastKnownFileType = sourcecode.swift; path = BookPlayerView.swift; sourceTree = "<group>"; };
		5E984D422B04E1AA00AB6EDC /* Assets.xcassets */ = {isa = PBXFileReference; lastKnownFileType = folder.assetcatalog; path = Assets.xcassets; sourceTree = "<group>"; };
		5E984D452B04E1AA00AB6EDC /* Preview Assets.xcassets */ = {isa = PBXFileReference; lastKnownFileType = folder.assetcatalog; path = "Preview Assets.xcassets"; sourceTree = "<group>"; };
		5E984D4B2B04E1AA00AB6EDC /* BookShelfTests.xctest */ = {isa = PBXFileReference; explicitFileType = wrapper.cfbundle; includeInIndex = 0; path = BookShelfTests.xctest; sourceTree = BUILT_PRODUCTS_DIR; };
		5E984D4F2B04E1AA00AB6EDC /* BookShelfTests.swift */ = {isa = PBXFileReference; lastKnownFileType = sourcecode.swift; path = BookShelfTests.swift; sourceTree = "<group>"; };
		5E984D552B04E1AA00AB6EDC /* BookShelfUITests.xctest */ = {isa = PBXFileReference; explicitFileType = wrapper.cfbundle; includeInIndex = 0; path = BookShelfUITests.xctest; sourceTree = BUILT_PRODUCTS_DIR; };
		5E984D592B04E1AA00AB6EDC /* BookShelfUITests.swift */ = {isa = PBXFileReference; lastKnownFileType = sourcecode.swift; path = BookShelfUITests.swift; sourceTree = "<group>"; };
		5E984D5B2B04E1AA00AB6EDC /* BookShelfUITestsLaunchTests.swift */ = {isa = PBXFileReference; lastKnownFileType = sourcecode.swift; path = BookShelfUITestsLaunchTests.swift; sourceTree = "<group>"; };
		5EA3A5082B07E03400C0EAE2 /* CustomSegmentedControl.swift */ = {isa = PBXFileReference; lastKnownFileType = sourcecode.swift; path = CustomSegmentedControl.swift; sourceTree = "<group>"; };
		5EA43A922B07C0A700B3F55A /* SegmentedPickerView.swift */ = {isa = PBXFileReference; lastKnownFileType = sourcecode.swift; path = SegmentedPickerView.swift; sourceTree = "<group>"; };
		5EA7BB732B0A20B900F84FFE /* sense_sensibility_01.mp3 */ = {isa = PBXFileReference; lastKnownFileType = audio.mp3; path = sense_sensibility_01.mp3; sourceTree = "<group>"; };
		5EA7BB892B0AD29F00F84FFE /* sense_sensibility_04.mp3 */ = {isa = PBXFileReference; lastKnownFileType = audio.mp3; path = sense_sensibility_04.mp3; sourceTree = "<group>"; };
		5EA7BB8A2B0AD29F00F84FFE /* sense_sensibility_05.mp3 */ = {isa = PBXFileReference; lastKnownFileType = audio.mp3; path = sense_sensibility_05.mp3; sourceTree = "<group>"; };
		5EA7BB8B2B0AD2A000F84FFE /* sense_sensibility_03.mp3 */ = {isa = PBXFileReference; lastKnownFileType = audio.mp3; path = sense_sensibility_03.mp3; sourceTree = "<group>"; };
		5EA7BB8C2B0AD2A000F84FFE /* sense_sensibility_02.mp3 */ = {isa = PBXFileReference; lastKnownFileType = audio.mp3; path = sense_sensibility_02.mp3; sourceTree = "<group>"; };
		5EC7279A2B0565BD007CCCC6 /* Info.plist */ = {isa = PBXFileReference; lastKnownFileType = text.plist; path = Info.plist; sourceTree = "<group>"; };
/* End PBXFileReference section */

/* Begin PBXFrameworksBuildPhase section */
		5E984D382B04E1A800AB6EDC /* Frameworks */ = {
			isa = PBXFrameworksBuildPhase;
			buildActionMask = 2147483647;
			files = (
				5EC664772B0520F90022FDF1 /* ComposableArchitecture in Frameworks */,
			);
			runOnlyForDeploymentPostprocessing = 0;
		};
		5E984D482B04E1AA00AB6EDC /* Frameworks */ = {
			isa = PBXFrameworksBuildPhase;
			buildActionMask = 2147483647;
			files = (
			);
			runOnlyForDeploymentPostprocessing = 0;
		};
		5E984D522B04E1AA00AB6EDC /* Frameworks */ = {
			isa = PBXFrameworksBuildPhase;
			buildActionMask = 2147483647;
			files = (
			);
			runOnlyForDeploymentPostprocessing = 0;
		};
/* End PBXFrameworksBuildPhase section */

/* Begin PBXGroup section */
		5E06A82F2B06C1250051BB47 /* Components */ = {
			isa = PBXGroup;
			children = (
				5E06A8302B06C2350051BB47 /* CustomToggleStyle.swift */,
				5EA43A922B07C0A700B3F55A /* SegmentedPickerView.swift */,
				5EA3A5082B07E03400C0EAE2 /* CustomSegmentedControl.swift */,
			);
			path = Components;
			sourceTree = "<group>";
		};
		5E7A9B392B09449400F7FE67 /* AudioPlayerClient */ = {
			isa = PBXGroup;
			children = (
				5E7A9B3A2B0944B700F7FE67 /* AudioPlayerClient.swift */,
			);
			path = AudioPlayerClient;
			sourceTree = "<group>";
		};
		5E7A9B3C2B094C6800F7FE67 /* Helpers */ = {
			isa = PBXGroup;
			children = (
				5E7A9B3E2B094C8300F7FE67 /* DateFormatter.swift */,
			);
			path = Helpers;
			sourceTree = "<group>";
		};
		5E89D7B62B0974CD00A28A61 /* BookPlayerView */ = {
			isa = PBXGroup;
			children = (
				5E984D402B04E1A800AB6EDC /* BookPlayerView.swift */,
				5E89D7B72B0974F600A28A61 /* BookPlayerReducer.swift */,
			);
			path = BookPlayerView;
			sourceTree = "<group>";
		};
		5E89D7B92B09787300A28A61 /* Data */ = {
			isa = PBXGroup;
			children = (
				5E89D7BA2B09787F00A28A61 /* Book.swift */,
			);
			path = Data;
			sourceTree = "<group>";
		};
		5E984D322B04E1A800AB6EDC = {
			isa = PBXGroup;
			children = (
				5E984D3D2B04E1A800AB6EDC /* BookShelf */,
				5E984D4E2B04E1AA00AB6EDC /* BookShelfTests */,
				5E984D582B04E1AA00AB6EDC /* BookShelfUITests */,
				5E984D3C2B04E1A800AB6EDC /* Products */,
			);
			sourceTree = "<group>";
		};
		5E984D3C2B04E1A800AB6EDC /* Products */ = {
			isa = PBXGroup;
			children = (
				5E984D3B2B04E1A800AB6EDC /* BookShelf.app */,
				5E984D4B2B04E1AA00AB6EDC /* BookShelfTests.xctest */,
				5E984D552B04E1AA00AB6EDC /* BookShelfUITests.xctest */,
			);
			name = Products;
			sourceTree = "<group>";
		};
		5E984D3D2B04E1A800AB6EDC /* BookShelf */ = {
			isa = PBXGroup;
			children = (
				5EA7BB722B0A208300F84FFE /* Content */,
				5E89D7B92B09787300A28A61 /* Data */,
				5E89D7B62B0974CD00A28A61 /* BookPlayerView */,
				5E7A9B3C2B094C6800F7FE67 /* Helpers */,
				5E7A9B392B09449400F7FE67 /* AudioPlayerClient */,
				5E06A82F2B06C1250051BB47 /* Components */,
				5EC7279A2B0565BD007CCCC6 /* Info.plist */,
				5E984D3E2B04E1A800AB6EDC /* BookShelfApp.swift */,
				5E06A82B2B06B4DC0051BB47 /* PlayerView.swift */,
				5E06A82D2B06B50D0051BB47 /* DescriptionView.swift */,
				5E984D422B04E1AA00AB6EDC /* Assets.xcassets */,
				5E984D442B04E1AA00AB6EDC /* Preview Content */,
			);
			path = BookShelf;
			sourceTree = "<group>";
		};
		5E984D442B04E1AA00AB6EDC /* Preview Content */ = {
			isa = PBXGroup;
			children = (
				5E984D452B04E1AA00AB6EDC /* Preview Assets.xcassets */,
			);
			path = "Preview Content";
			sourceTree = "<group>";
		};
		5E984D4E2B04E1AA00AB6EDC /* BookShelfTests */ = {
			isa = PBXGroup;
			children = (
				5E984D4F2B04E1AA00AB6EDC /* BookShelfTests.swift */,
			);
			path = BookShelfTests;
			sourceTree = "<group>";
		};
		5E984D582B04E1AA00AB6EDC /* BookShelfUITests */ = {
			isa = PBXGroup;
			children = (
				5E984D592B04E1AA00AB6EDC /* BookShelfUITests.swift */,
				5E984D5B2B04E1AA00AB6EDC /* BookShelfUITestsLaunchTests.swift */,
			);
			path = BookShelfUITests;
			sourceTree = "<group>";
		};
		5EA7BB722B0A208300F84FFE /* Content */ = {
			isa = PBXGroup;
			children = (
				5EA7BB732B0A20B900F84FFE /* sense_sensibility_01.mp3 */,
				5EA7BB8C2B0AD2A000F84FFE /* sense_sensibility_02.mp3 */,
				5EA7BB8B2B0AD2A000F84FFE /* sense_sensibility_03.mp3 */,
				5EA7BB892B0AD29F00F84FFE /* sense_sensibility_04.mp3 */,
				5EA7BB8A2B0AD29F00F84FFE /* sense_sensibility_05.mp3 */,
			);
			path = Content;
			sourceTree = "<group>";
		};
/* End PBXGroup section */

/* Begin PBXNativeTarget section */
		5E984D3A2B04E1A800AB6EDC /* BookShelf */ = {
			isa = PBXNativeTarget;
			buildConfigurationList = 5E984D5F2B04E1AA00AB6EDC /* Build configuration list for PBXNativeTarget "BookShelf" */;
			buildPhases = (
				5E984D372B04E1A800AB6EDC /* Sources */,
				5E984D382B04E1A800AB6EDC /* Frameworks */,
				5E984D392B04E1A800AB6EDC /* Resources */,
			);
			buildRules = (
			);
			dependencies = (
			);
			name = BookShelf;
			packageProductDependencies = (
				5EC664762B0520F90022FDF1 /* ComposableArchitecture */,
			);
			productName = BookShelf;
			productReference = 5E984D3B2B04E1A800AB6EDC /* BookShelf.app */;
			productType = "com.apple.product-type.application";
		};
		5E984D4A2B04E1AA00AB6EDC /* BookShelfTests */ = {
			isa = PBXNativeTarget;
			buildConfigurationList = 5E984D622B04E1AA00AB6EDC /* Build configuration list for PBXNativeTarget "BookShelfTests" */;
			buildPhases = (
				5E984D472B04E1AA00AB6EDC /* Sources */,
				5E984D482B04E1AA00AB6EDC /* Frameworks */,
				5E984D492B04E1AA00AB6EDC /* Resources */,
			);
			buildRules = (
			);
			dependencies = (
				5E984D4D2B04E1AA00AB6EDC /* PBXTargetDependency */,
			);
			name = BookShelfTests;
			productName = BookShelfTests;
			productReference = 5E984D4B2B04E1AA00AB6EDC /* BookShelfTests.xctest */;
			productType = "com.apple.product-type.bundle.unit-test";
		};
		5E984D542B04E1AA00AB6EDC /* BookShelfUITests */ = {
			isa = PBXNativeTarget;
			buildConfigurationList = 5E984D652B04E1AA00AB6EDC /* Build configuration list for PBXNativeTarget "BookShelfUITests" */;
			buildPhases = (
				5E984D512B04E1AA00AB6EDC /* Sources */,
				5E984D522B04E1AA00AB6EDC /* Frameworks */,
				5E984D532B04E1AA00AB6EDC /* Resources */,
			);
			buildRules = (
			);
			dependencies = (
				5E984D572B04E1AA00AB6EDC /* PBXTargetDependency */,
			);
			name = BookShelfUITests;
			productName = BookShelfUITests;
			productReference = 5E984D552B04E1AA00AB6EDC /* BookShelfUITests.xctest */;
			productType = "com.apple.product-type.bundle.ui-testing";
		};
/* End PBXNativeTarget section */

/* Begin PBXProject section */
		5E984D332B04E1A800AB6EDC /* Project object */ = {
			isa = PBXProject;
			attributes = {
				BuildIndependentTargetsInParallel = 1;
				LastSwiftUpdateCheck = 1420;
				LastUpgradeCheck = 1420;
				TargetAttributes = {
					5E984D3A2B04E1A800AB6EDC = {
						CreatedOnToolsVersion = 14.2;
					};
					5E984D4A2B04E1AA00AB6EDC = {
						CreatedOnToolsVersion = 14.2;
						TestTargetID = 5E984D3A2B04E1A800AB6EDC;
					};
					5E984D542B04E1AA00AB6EDC = {
						CreatedOnToolsVersion = 14.2;
						TestTargetID = 5E984D3A2B04E1A800AB6EDC;
					};
				};
			};
			buildConfigurationList = 5E984D362B04E1A800AB6EDC /* Build configuration list for PBXProject "BookShelf" */;
			compatibilityVersion = "Xcode 14.0";
			developmentRegion = en;
			hasScannedForEncodings = 0;
			knownRegions = (
				en,
				Base,
			);
			mainGroup = 5E984D322B04E1A800AB6EDC;
			packageReferences = (
				5EC664752B0520F90022FDF1 /* XCRemoteSwiftPackageReference "swift-composable-architecture" */,
			);
			productRefGroup = 5E984D3C2B04E1A800AB6EDC /* Products */;
			projectDirPath = "";
			projectRoot = "";
			targets = (
				5E984D3A2B04E1A800AB6EDC /* BookShelf */,
				5E984D4A2B04E1AA00AB6EDC /* BookShelfTests */,
				5E984D542B04E1AA00AB6EDC /* BookShelfUITests */,
			);
		};
/* End PBXProject section */

/* Begin PBXResourcesBuildPhase section */
		5E984D392B04E1A800AB6EDC /* Resources */ = {
			isa = PBXResourcesBuildPhase;
			buildActionMask = 2147483647;
			files = (
				5EA7BB902B0AD2A000F84FFE /* sense_sensibility_02.mp3 in Resources */,
				5E984D462B04E1AA00AB6EDC /* Preview Assets.xcassets in Resources */,
				5EA7BB8D2B0AD2A000F84FFE /* sense_sensibility_04.mp3 in Resources */,
				5EA7BB8E2B0AD2A000F84FFE /* sense_sensibility_05.mp3 in Resources */,
				5EA7BB742B0A20B900F84FFE /* sense_sensibility_01.mp3 in Resources */,
				5EA7BB8F2B0AD2A000F84FFE /* sense_sensibility_03.mp3 in Resources */,
				5E984D432B04E1AA00AB6EDC /* Assets.xcassets in Resources */,
			);
			runOnlyForDeploymentPostprocessing = 0;
		};
		5E984D492B04E1AA00AB6EDC /* Resources */ = {
			isa = PBXResourcesBuildPhase;
			buildActionMask = 2147483647;
			files = (
			);
			runOnlyForDeploymentPostprocessing = 0;
		};
		5E984D532B04E1AA00AB6EDC /* Resources */ = {
			isa = PBXResourcesBuildPhase;
			buildActionMask = 2147483647;
			files = (
			);
			runOnlyForDeploymentPostprocessing = 0;
		};
/* End PBXResourcesBuildPhase section */

/* Begin PBXSourcesBuildPhase section */
		5E984D372B04E1A800AB6EDC /* Sources */ = {
			isa = PBXSourcesBuildPhase;
			buildActionMask = 2147483647;
			files = (
				5E7A9B3F2B094C8300F7FE67 /* DateFormatter.swift in Sources */,
				5E7A9B3B2B0944B700F7FE67 /* AudioPlayerClient.swift in Sources */,
				5EA3A5092B07E03400C0EAE2 /* CustomSegmentedControl.swift in Sources */,
				5E89D7BB2B09787F00A28A61 /* Book.swift in Sources */,
				5E06A82C2B06B4DC0051BB47 /* PlayerView.swift in Sources */,
				5E984D412B04E1A800AB6EDC /* BookPlayerView.swift in Sources */,
				5E06A8312B06C2350051BB47 /* CustomToggleStyle.swift in Sources */,
				5E984D3F2B04E1A800AB6EDC /* BookShelfApp.swift in Sources */,
				5E06A82E2B06B50D0051BB47 /* DescriptionView.swift in Sources */,
				5E89D7B82B0974F600A28A61 /* BookPlayerReducer.swift in Sources */,
				5EA43A932B07C0A700B3F55A /* SegmentedPickerView.swift in Sources */,
			);
			runOnlyForDeploymentPostprocessing = 0;
		};
		5E984D472B04E1AA00AB6EDC /* Sources */ = {
			isa = PBXSourcesBuildPhase;
			buildActionMask = 2147483647;
			files = (
				5E984D502B04E1AA00AB6EDC /* BookShelfTests.swift in Sources */,
			);
			runOnlyForDeploymentPostprocessing = 0;
		};
		5E984D512B04E1AA00AB6EDC /* Sources */ = {
			isa = PBXSourcesBuildPhase;
			buildActionMask = 2147483647;
			files = (
				5E984D5C2B04E1AA00AB6EDC /* BookShelfUITestsLaunchTests.swift in Sources */,
				5E984D5A2B04E1AA00AB6EDC /* BookShelfUITests.swift in Sources */,
			);
			runOnlyForDeploymentPostprocessing = 0;
		};
/* End PBXSourcesBuildPhase section */

/* Begin PBXTargetDependency section */
		5E984D4D2B04E1AA00AB6EDC /* PBXTargetDependency */ = {
			isa = PBXTargetDependency;
			target = 5E984D3A2B04E1A800AB6EDC /* BookShelf */;
			targetProxy = 5E984D4C2B04E1AA00AB6EDC /* PBXContainerItemProxy */;
		};
		5E984D572B04E1AA00AB6EDC /* PBXTargetDependency */ = {
			isa = PBXTargetDependency;
			target = 5E984D3A2B04E1A800AB6EDC /* BookShelf */;
			targetProxy = 5E984D562B04E1AA00AB6EDC /* PBXContainerItemProxy */;
		};
/* End PBXTargetDependency section */

/* Begin XCBuildConfiguration section */
		5E984D5D2B04E1AA00AB6EDC /* Debug */ = {
			isa = XCBuildConfiguration;
			buildSettings = {
				ALWAYS_SEARCH_USER_PATHS = NO;
				CLANG_ANALYZER_NONNULL = YES;
				CLANG_ANALYZER_NUMBER_OBJECT_CONVERSION = YES_AGGRESSIVE;
				CLANG_CXX_LANGUAGE_STANDARD = "gnu++20";
				CLANG_ENABLE_MODULES = YES;
				CLANG_ENABLE_OBJC_ARC = YES;
				CLANG_ENABLE_OBJC_WEAK = YES;
				CLANG_WARN_BLOCK_CAPTURE_AUTORELEASING = YES;
				CLANG_WARN_BOOL_CONVERSION = YES;
				CLANG_WARN_COMMA = YES;
				CLANG_WARN_CONSTANT_CONVERSION = YES;
				CLANG_WARN_DEPRECATED_OBJC_IMPLEMENTATIONS = YES;
				CLANG_WARN_DIRECT_OBJC_ISA_USAGE = YES_ERROR;
				CLANG_WARN_DOCUMENTATION_COMMENTS = YES;
				CLANG_WARN_EMPTY_BODY = YES;
				CLANG_WARN_ENUM_CONVERSION = YES;
				CLANG_WARN_INFINITE_RECURSION = YES;
				CLANG_WARN_INT_CONVERSION = YES;
				CLANG_WARN_NON_LITERAL_NULL_CONVERSION = YES;
				CLANG_WARN_OBJC_IMPLICIT_RETAIN_SELF = YES;
				CLANG_WARN_OBJC_LITERAL_CONVERSION = YES;
				CLANG_WARN_OBJC_ROOT_CLASS = YES_ERROR;
				CLANG_WARN_QUOTED_INCLUDE_IN_FRAMEWORK_HEADER = YES;
				CLANG_WARN_RANGE_LOOP_ANALYSIS = YES;
				CLANG_WARN_STRICT_PROTOTYPES = YES;
				CLANG_WARN_SUSPICIOUS_MOVE = YES;
				CLANG_WARN_UNGUARDED_AVAILABILITY = YES_AGGRESSIVE;
				CLANG_WARN_UNREACHABLE_CODE = YES;
				CLANG_WARN__DUPLICATE_METHOD_MATCH = YES;
				COPY_PHASE_STRIP = NO;
				DEBUG_INFORMATION_FORMAT = dwarf;
				ENABLE_STRICT_OBJC_MSGSEND = YES;
				ENABLE_TESTABILITY = YES;
				GCC_C_LANGUAGE_STANDARD = gnu11;
				GCC_DYNAMIC_NO_PIC = NO;
				GCC_NO_COMMON_BLOCKS = YES;
				GCC_OPTIMIZATION_LEVEL = 0;
				GCC_PREPROCESSOR_DEFINITIONS = (
					"DEBUG=1",
					"$(inherited)",
				);
				GCC_WARN_64_TO_32_BIT_CONVERSION = YES;
				GCC_WARN_ABOUT_RETURN_TYPE = YES_ERROR;
				GCC_WARN_UNDECLARED_SELECTOR = YES;
				GCC_WARN_UNINITIALIZED_AUTOS = YES_AGGRESSIVE;
				GCC_WARN_UNUSED_FUNCTION = YES;
				GCC_WARN_UNUSED_VARIABLE = YES;
				IPHONEOS_DEPLOYMENT_TARGET = 16.2;
				MTL_ENABLE_DEBUG_INFO = INCLUDE_SOURCE;
				MTL_FAST_MATH = YES;
				ONLY_ACTIVE_ARCH = YES;
				SDKROOT = iphoneos;
				SWIFT_ACTIVE_COMPILATION_CONDITIONS = DEBUG;
				SWIFT_OPTIMIZATION_LEVEL = "-Onone";
			};
			name = Debug;
		};
		5E984D5E2B04E1AA00AB6EDC /* Release */ = {
			isa = XCBuildConfiguration;
			buildSettings = {
				ALWAYS_SEARCH_USER_PATHS = NO;
				CLANG_ANALYZER_NONNULL = YES;
				CLANG_ANALYZER_NUMBER_OBJECT_CONVERSION = YES_AGGRESSIVE;
				CLANG_CXX_LANGUAGE_STANDARD = "gnu++20";
				CLANG_ENABLE_MODULES = YES;
				CLANG_ENABLE_OBJC_ARC = YES;
				CLANG_ENABLE_OBJC_WEAK = YES;
				CLANG_WARN_BLOCK_CAPTURE_AUTORELEASING = YES;
				CLANG_WARN_BOOL_CONVERSION = YES;
				CLANG_WARN_COMMA = YES;
				CLANG_WARN_CONSTANT_CONVERSION = YES;
				CLANG_WARN_DEPRECATED_OBJC_IMPLEMENTATIONS = YES;
				CLANG_WARN_DIRECT_OBJC_ISA_USAGE = YES_ERROR;
				CLANG_WARN_DOCUMENTATION_COMMENTS = YES;
				CLANG_WARN_EMPTY_BODY = YES;
				CLANG_WARN_ENUM_CONVERSION = YES;
				CLANG_WARN_INFINITE_RECURSION = YES;
				CLANG_WARN_INT_CONVERSION = YES;
				CLANG_WARN_NON_LITERAL_NULL_CONVERSION = YES;
				CLANG_WARN_OBJC_IMPLICIT_RETAIN_SELF = YES;
				CLANG_WARN_OBJC_LITERAL_CONVERSION = YES;
				CLANG_WARN_OBJC_ROOT_CLASS = YES_ERROR;
				CLANG_WARN_QUOTED_INCLUDE_IN_FRAMEWORK_HEADER = YES;
				CLANG_WARN_RANGE_LOOP_ANALYSIS = YES;
				CLANG_WARN_STRICT_PROTOTYPES = YES;
				CLANG_WARN_SUSPICIOUS_MOVE = YES;
				CLANG_WARN_UNGUARDED_AVAILABILITY = YES_AGGRESSIVE;
				CLANG_WARN_UNREACHABLE_CODE = YES;
				CLANG_WARN__DUPLICATE_METHOD_MATCH = YES;
				COPY_PHASE_STRIP = NO;
				DEBUG_INFORMATION_FORMAT = "dwarf-with-dsym";
				ENABLE_NS_ASSERTIONS = NO;
				ENABLE_STRICT_OBJC_MSGSEND = YES;
				GCC_C_LANGUAGE_STANDARD = gnu11;
				GCC_NO_COMMON_BLOCKS = YES;
				GCC_WARN_64_TO_32_BIT_CONVERSION = YES;
				GCC_WARN_ABOUT_RETURN_TYPE = YES_ERROR;
				GCC_WARN_UNDECLARED_SELECTOR = YES;
				GCC_WARN_UNINITIALIZED_AUTOS = YES_AGGRESSIVE;
				GCC_WARN_UNUSED_FUNCTION = YES;
				GCC_WARN_UNUSED_VARIABLE = YES;
				IPHONEOS_DEPLOYMENT_TARGET = 16.2;
				MTL_ENABLE_DEBUG_INFO = NO;
				MTL_FAST_MATH = YES;
				SDKROOT = iphoneos;
				SWIFT_COMPILATION_MODE = wholemodule;
				SWIFT_OPTIMIZATION_LEVEL = "-O";
				VALIDATE_PRODUCT = YES;
			};
			name = Release;
		};
		5E984D602B04E1AA00AB6EDC /* Debug */ = {
			isa = XCBuildConfiguration;
			buildSettings = {
				ASSETCATALOG_COMPILER_APPICON_NAME = AppIcon;
				ASSETCATALOG_COMPILER_GLOBAL_ACCENT_COLOR_NAME = AccentColor;
				CODE_SIGN_STYLE = Automatic;
				CURRENT_PROJECT_VERSION = 1;
				DEVELOPMENT_ASSET_PATHS = "\"BookShelf/Preview Content\"";
				DEVELOPMENT_TEAM = 2WFPXMG3LN;
				ENABLE_PREVIEWS = YES;
				GENERATE_INFOPLIST_FILE = YES;
				INFOPLIST_FILE = BookShelf/Info.plist;
				INFOPLIST_KEY_UIApplicationSceneManifest_Generation = YES;
				INFOPLIST_KEY_UIApplicationSupportsIndirectInputEvents = YES;
				INFOPLIST_KEY_UISupportedInterfaceOrientations_iPad = "UIInterfaceOrientationPortrait UIInterfaceOrientationPortraitUpsideDown UIInterfaceOrientationLandscapeLeft UIInterfaceOrientationLandscapeRight";
				INFOPLIST_KEY_UISupportedInterfaceOrientations_iPhone = "UIInterfaceOrientationPortrait UIInterfaceOrientationLandscapeLeft UIInterfaceOrientationLandscapeRight";
				LD_RUNPATH_SEARCH_PATHS = (
					"$(inherited)",
					"@executable_path/Frameworks",
				);
				MARKETING_VERSION = 1.0;
				PRODUCT_BUNDLE_IDENTIFIER = com.KseniaDidusenko.BookShelf;
				PRODUCT_NAME = "$(TARGET_NAME)";
				SWIFT_EMIT_LOC_STRINGS = YES;
				SWIFT_VERSION = 5.0;
				TARGETED_DEVICE_FAMILY = "1,2";
			};
			name = Debug;
		};
		5E984D612B04E1AA00AB6EDC /* Release */ = {
			isa = XCBuildConfiguration;
			buildSettings = {
				ASSETCATALOG_COMPILER_APPICON_NAME = AppIcon;
				ASSETCATALOG_COMPILER_GLOBAL_ACCENT_COLOR_NAME = AccentColor;
				CODE_SIGN_STYLE = Automatic;
				CURRENT_PROJECT_VERSION = 1;
				DEVELOPMENT_ASSET_PATHS = "\"BookShelf/Preview Content\"";
				DEVELOPMENT_TEAM = 2WFPXMG3LN;
				ENABLE_PREVIEWS = YES;
				GENERATE_INFOPLIST_FILE = YES;
				INFOPLIST_FILE = BookShelf/Info.plist;
				INFOPLIST_KEY_UIApplicationSceneManifest_Generation = YES;
				INFOPLIST_KEY_UIApplicationSupportsIndirectInputEvents = YES;
				INFOPLIST_KEY_UISupportedInterfaceOrientations_iPad = "UIInterfaceOrientationPortrait UIInterfaceOrientationPortraitUpsideDown UIInterfaceOrientationLandscapeLeft UIInterfaceOrientationLandscapeRight";
				INFOPLIST_KEY_UISupportedInterfaceOrientations_iPhone = "UIInterfaceOrientationPortrait UIInterfaceOrientationLandscapeLeft UIInterfaceOrientationLandscapeRight";
				LD_RUNPATH_SEARCH_PATHS = (
					"$(inherited)",
					"@executable_path/Frameworks",
				);
				MARKETING_VERSION = 1.0;
				PRODUCT_BUNDLE_IDENTIFIER = com.KseniaDidusenko.BookShelf;
				PRODUCT_NAME = "$(TARGET_NAME)";
				SWIFT_EMIT_LOC_STRINGS = YES;
				SWIFT_VERSION = 5.0;
				TARGETED_DEVICE_FAMILY = "1,2";
			};
			name = Release;
		};
		5E984D632B04E1AA00AB6EDC /* Debug */ = {
			isa = XCBuildConfiguration;
			buildSettings = {
				ALWAYS_EMBED_SWIFT_STANDARD_LIBRARIES = YES;
				BUNDLE_LOADER = "$(TEST_HOST)";
				CODE_SIGN_STYLE = Automatic;
				CURRENT_PROJECT_VERSION = 1;
				DEVELOPMENT_TEAM = 2WFPXMG3LN;
				GENERATE_INFOPLIST_FILE = YES;
				IPHONEOS_DEPLOYMENT_TARGET = 16.2;
				MARKETING_VERSION = 1.0;
				PRODUCT_BUNDLE_IDENTIFIER = com.KseniaDidusenko.BookShelfTests;
				PRODUCT_NAME = "$(TARGET_NAME)";
				SWIFT_EMIT_LOC_STRINGS = NO;
				SWIFT_VERSION = 5.0;
				TARGETED_DEVICE_FAMILY = "1,2";
				TEST_HOST = "$(BUILT_PRODUCTS_DIR)/BookShelf.app/$(BUNDLE_EXECUTABLE_FOLDER_PATH)/BookShelf";
			};
			name = Debug;
		};
		5E984D642B04E1AA00AB6EDC /* Release */ = {
			isa = XCBuildConfiguration;
			buildSettings = {
				ALWAYS_EMBED_SWIFT_STANDARD_LIBRARIES = YES;
				BUNDLE_LOADER = "$(TEST_HOST)";
				CODE_SIGN_STYLE = Automatic;
				CURRENT_PROJECT_VERSION = 1;
				DEVELOPMENT_TEAM = 2WFPXMG3LN;
				GENERATE_INFOPLIST_FILE = YES;
				IPHONEOS_DEPLOYMENT_TARGET = 16.2;
				MARKETING_VERSION = 1.0;
				PRODUCT_BUNDLE_IDENTIFIER = com.KseniaDidusenko.BookShelfTests;
				PRODUCT_NAME = "$(TARGET_NAME)";
				SWIFT_EMIT_LOC_STRINGS = NO;
				SWIFT_VERSION = 5.0;
				TARGETED_DEVICE_FAMILY = "1,2";
				TEST_HOST = "$(BUILT_PRODUCTS_DIR)/BookShelf.app/$(BUNDLE_EXECUTABLE_FOLDER_PATH)/BookShelf";
			};
			name = Release;
		};
		5E984D662B04E1AA00AB6EDC /* Debug */ = {
			isa = XCBuildConfiguration;
			buildSettings = {
				ALWAYS_EMBED_SWIFT_STANDARD_LIBRARIES = YES;
				CODE_SIGN_STYLE = Automatic;
				CURRENT_PROJECT_VERSION = 1;
				DEVELOPMENT_TEAM = 2WFPXMG3LN;
				GENERATE_INFOPLIST_FILE = YES;
				MARKETING_VERSION = 1.0;
				PRODUCT_BUNDLE_IDENTIFIER = com.KseniaDidusenko.BookShelfUITests;
				PRODUCT_NAME = "$(TARGET_NAME)";
				SWIFT_EMIT_LOC_STRINGS = NO;
				SWIFT_VERSION = 5.0;
				TARGETED_DEVICE_FAMILY = "1,2";
				TEST_TARGET_NAME = BookShelf;
			};
			name = Debug;
		};
		5E984D672B04E1AA00AB6EDC /* Release */ = {
			isa = XCBuildConfiguration;
			buildSettings = {
				ALWAYS_EMBED_SWIFT_STANDARD_LIBRARIES = YES;
				CODE_SIGN_STYLE = Automatic;
				CURRENT_PROJECT_VERSION = 1;
				DEVELOPMENT_TEAM = 2WFPXMG3LN;
				GENERATE_INFOPLIST_FILE = YES;
				MARKETING_VERSION = 1.0;
				PRODUCT_BUNDLE_IDENTIFIER = com.KseniaDidusenko.BookShelfUITests;
				PRODUCT_NAME = "$(TARGET_NAME)";
				SWIFT_EMIT_LOC_STRINGS = NO;
				SWIFT_VERSION = 5.0;
				TARGETED_DEVICE_FAMILY = "1,2";
				TEST_TARGET_NAME = BookShelf;
			};
			name = Release;
		};
/* End XCBuildConfiguration section */

/* Begin XCConfigurationList section */
		5E984D362B04E1A800AB6EDC /* Build configuration list for PBXProject "BookShelf" */ = {
			isa = XCConfigurationList;
			buildConfigurations = (
				5E984D5D2B04E1AA00AB6EDC /* Debug */,
				5E984D5E2B04E1AA00AB6EDC /* Release */,
			);
			defaultConfigurationIsVisible = 0;
			defaultConfigurationName = Release;
		};
		5E984D5F2B04E1AA00AB6EDC /* Build configuration list for PBXNativeTarget "BookShelf" */ = {
			isa = XCConfigurationList;
			buildConfigurations = (
				5E984D602B04E1AA00AB6EDC /* Debug */,
				5E984D612B04E1AA00AB6EDC /* Release */,
			);
			defaultConfigurationIsVisible = 0;
			defaultConfigurationName = Release;
		};
		5E984D622B04E1AA00AB6EDC /* Build configuration list for PBXNativeTarget "BookShelfTests" */ = {
			isa = XCConfigurationList;
			buildConfigurations = (
				5E984D632B04E1AA00AB6EDC /* Debug */,
				5E984D642B04E1AA00AB6EDC /* Release */,
			);
			defaultConfigurationIsVisible = 0;
			defaultConfigurationName = Release;
		};
		5E984D652B04E1AA00AB6EDC /* Build configuration list for PBXNativeTarget "BookShelfUITests" */ = {
			isa = XCConfigurationList;
			buildConfigurations = (
				5E984D662B04E1AA00AB6EDC /* Debug */,
				5E984D672B04E1AA00AB6EDC /* Release */,
			);
			defaultConfigurationIsVisible = 0;
			defaultConfigurationName = Release;
		};
/* End XCConfigurationList section */

/* Begin XCRemoteSwiftPackageReference section */
		5EC664752B0520F90022FDF1 /* XCRemoteSwiftPackageReference "swift-composable-architecture" */ = {
			isa = XCRemoteSwiftPackageReference;
			repositoryURL = "https://github.com/pointfreeco/swift-composable-architecture";
			requirement = {
				kind = upToNextMajorVersion;
				minimumVersion = 1.4.2;
			};
		};
/* End XCRemoteSwiftPackageReference section */

/* Begin XCSwiftPackageProductDependency section */
		5EC664762B0520F90022FDF1 /* ComposableArchitecture */ = {
			isa = XCSwiftPackageProductDependency;
			package = 5EC664752B0520F90022FDF1 /* XCRemoteSwiftPackageReference "swift-composable-architecture" */;
			productName = ComposableArchitecture;
		};
/* End XCSwiftPackageProductDependency section */
	};
	rootObject = 5E984D332B04E1A800AB6EDC /* Project object */;
}
